// !$*UTF8*$!
{
	archiveVersion = 1;
	classes = {
	};
	objectVersion = 50;
	objects = {

/* Begin PBXBuildFile section */
		095E506425C0B12F004736CD /* AppDelegate.swift in Sources */ = {isa = PBXBuildFile; fileRef = 095E506325C0B12F004736CD /* AppDelegate.swift */; };
		095E506625C0B12F004736CD /* SceneDelegate.swift in Sources */ = {isa = PBXBuildFile; fileRef = 095E506525C0B12F004736CD /* SceneDelegate.swift */; };
		095E506825C0B12F004736CD /* ViewController.swift in Sources */ = {isa = PBXBuildFile; fileRef = 095E506725C0B12F004736CD /* ViewController.swift */; };
		095E506B25C0B12F004736CD /* Main.storyboard in Resources */ = {isa = PBXBuildFile; fileRef = 095E506925C0B12F004736CD /* Main.storyboard */; };
		095E506D25C0B133004736CD /* Assets.xcassets in Resources */ = {isa = PBXBuildFile; fileRef = 095E506C25C0B133004736CD /* Assets.xcassets */; };
		095E507025C0B133004736CD /* LaunchScreen.storyboard in Resources */ = {isa = PBXBuildFile; fileRef = 095E506E25C0B133004736CD /* LaunchScreen.storyboard */; };
		095E507B25C0B134004736CD /* BearImageViewTests.swift in Sources */ = {isa = PBXBuildFile; fileRef = 095E507A25C0B134004736CD /* BearImageViewTests.swift */; };
		095E508625C0B134004736CD /* BearImageViewUITests.swift in Sources */ = {isa = PBXBuildFile; fileRef = 095E508525C0B134004736CD /* BearImageViewUITests.swift */; };
		09A2ACD225C31E2D001C3623 /* CollectionViewController.swift in Sources */ = {isa = PBXBuildFile; fileRef = 09A2ACD125C31E2D001C3623 /* CollectionViewController.swift */; };
		09A2ACD725C326A6001C3623 /* PageCell.swift in Sources */ = {isa = PBXBuildFile; fileRef = 09A2ACD625C326A6001C3623 /* PageCell.swift */; };
		09A2ACDC25C331D4001C3623 /* Page.swift in Sources */ = {isa = PBXBuildFile; fileRef = 09A2ACDB25C331D4001C3623 /* Page.swift */; };
/* End PBXBuildFile section */

/* Begin PBXContainerItemProxy section */
		095E507725C0B134004736CD /* PBXContainerItemProxy */ = {
			isa = PBXContainerItemProxy;
			containerPortal = 095E505825C0B12F004736CD /* Project object */;
			proxyType = 1;
			remoteGlobalIDString = 095E505F25C0B12F004736CD;
			remoteInfo = BearImageView;
		};
		095E508225C0B134004736CD /* PBXContainerItemProxy */ = {
			isa = PBXContainerItemProxy;
			containerPortal = 095E505825C0B12F004736CD /* Project object */;
			proxyType = 1;
			remoteGlobalIDString = 095E505F25C0B12F004736CD;
			remoteInfo = BearImageView;
		};
/* End PBXContainerItemProxy section */

/* Begin PBXFileReference section */
		095E506025C0B12F004736CD /* BearImageView.app */ = {isa = PBXFileReference; explicitFileType = wrapper.application; includeInIndex = 0; path = BearImageView.app; sourceTree = BUILT_PRODUCTS_DIR; };
		095E506325C0B12F004736CD /* AppDelegate.swift */ = {isa = PBXFileReference; lastKnownFileType = sourcecode.swift; path = AppDelegate.swift; sourceTree = "<group>"; };
		095E506525C0B12F004736CD /* SceneDelegate.swift */ = {isa = PBXFileReference; lastKnownFileType = sourcecode.swift; path = SceneDelegate.swift; sourceTree = "<group>"; };
		095E506725C0B12F004736CD /* ViewController.swift */ = {isa = PBXFileReference; lastKnownFileType = sourcecode.swift; path = ViewController.swift; sourceTree = "<group>"; };
		095E506A25C0B12F004736CD /* Base */ = {isa = PBXFileReference; lastKnownFileType = file.storyboard; name = Base; path = Base.lproj/Main.storyboard; sourceTree = "<group>"; };
		095E506C25C0B133004736CD /* Assets.xcassets */ = {isa = PBXFileReference; lastKnownFileType = folder.assetcatalog; path = Assets.xcassets; sourceTree = "<group>"; };
		095E506F25C0B133004736CD /* Base */ = {isa = PBXFileReference; lastKnownFileType = file.storyboard; name = Base; path = Base.lproj/LaunchScreen.storyboard; sourceTree = "<group>"; };
		095E507125C0B133004736CD /* Info.plist */ = {isa = PBXFileReference; lastKnownFileType = text.plist.xml; path = Info.plist; sourceTree = "<group>"; };
		095E507625C0B134004736CD /* BearImageViewTests.xctest */ = {isa = PBXFileReference; explicitFileType = wrapper.cfbundle; includeInIndex = 0; path = BearImageViewTests.xctest; sourceTree = BUILT_PRODUCTS_DIR; };
		095E507A25C0B134004736CD /* BearImageViewTests.swift */ = {isa = PBXFileReference; lastKnownFileType = sourcecode.swift; path = BearImageViewTests.swift; sourceTree = "<group>"; };
		095E507C25C0B134004736CD /* Info.plist */ = {isa = PBXFileReference; lastKnownFileType = text.plist.xml; path = Info.plist; sourceTree = "<group>"; };
		095E508125C0B134004736CD /* BearImageViewUITests.xctest */ = {isa = PBXFileReference; explicitFileType = wrapper.cfbundle; includeInIndex = 0; path = BearImageViewUITests.xctest; sourceTree = BUILT_PRODUCTS_DIR; };
		095E508525C0B134004736CD /* BearImageViewUITests.swift */ = {isa = PBXFileReference; lastKnownFileType = sourcecode.swift; path = BearImageViewUITests.swift; sourceTree = "<group>"; };
		095E508725C0B134004736CD /* Info.plist */ = {isa = PBXFileReference; lastKnownFileType = text.plist.xml; path = Info.plist; sourceTree = "<group>"; };
		09A2ACD125C31E2D001C3623 /* CollectionViewController.swift */ = {isa = PBXFileReference; lastKnownFileType = sourcecode.swift; path = CollectionViewController.swift; sourceTree = "<group>"; };
		09A2ACD625C326A6001C3623 /* PageCell.swift */ = {isa = PBXFileReference; lastKnownFileType = sourcecode.swift; path = PageCell.swift; sourceTree = "<group>"; };
		09A2ACDB25C331D4001C3623 /* Page.swift */ = {isa = PBXFileReference; lastKnownFileType = sourcecode.swift; path = Page.swift; sourceTree = "<group>"; };
/* End PBXFileReference section */

/* Begin PBXFrameworksBuildPhase section */
		095E505D25C0B12F004736CD /* Frameworks */ = {
			isa = PBXFrameworksBuildPhase;
			buildActionMask = 2147483647;
			files = (
			);
			runOnlyForDeploymentPostprocessing = 0;
		};
		095E507325C0B134004736CD /* Frameworks */ = {
			isa = PBXFrameworksBuildPhase;
			buildActionMask = 2147483647;
			files = (
			);
			runOnlyForDeploymentPostprocessing = 0;
		};
		095E507E25C0B134004736CD /* Frameworks */ = {
			isa = PBXFrameworksBuildPhase;
			buildActionMask = 2147483647;
			files = (
			);
			runOnlyForDeploymentPostprocessing = 0;
		};
/* End PBXFrameworksBuildPhase section */

/* Begin PBXGroup section */
		095E505725C0B12F004736CD = {
			isa = PBXGroup;
			children = (
				095E506225C0B12F004736CD /* BearImageView */,
				095E507925C0B134004736CD /* BearImageViewTests */,
				095E508425C0B134004736CD /* BearImageViewUITests */,
				095E506125C0B12F004736CD /* Products */,
			);
			sourceTree = "<group>";
		};
		095E506125C0B12F004736CD /* Products */ = {
			isa = PBXGroup;
			children = (
				095E506025C0B12F004736CD /* BearImageView.app */,
				095E507625C0B134004736CD /* BearImageViewTests.xctest */,
				095E508125C0B134004736CD /* BearImageViewUITests.xctest */,
			);
			name = Products;
			sourceTree = "<group>";
		};
		095E506225C0B12F004736CD /* BearImageView */ = {
			isa = PBXGroup;
			children = (
				095E506325C0B12F004736CD /* AppDelegate.swift */,
				095E506525C0B12F004736CD /* SceneDelegate.swift */,
				095E506725C0B12F004736CD /* ViewController.swift */,
				09A2ACD125C31E2D001C3623 /* CollectionViewController.swift */,
				09A2ACD625C326A6001C3623 /* PageCell.swift */,
				09A2ACDB25C331D4001C3623 /* Page.swift */,
				095E506925C0B12F004736CD /* Main.storyboard */,
				095E506C25C0B133004736CD /* Assets.xcassets */,
				095E506E25C0B133004736CD /* LaunchScreen.storyboard */,
				095E507125C0B133004736CD /* Info.plist */,
			);
			path = BearImageView;
			sourceTree = "<group>";
		};
		095E507925C0B134004736CD /* BearImageViewTests */ = {
			isa = PBXGroup;
			children = (
				095E507A25C0B134004736CD /* BearImageViewTests.swift */,
				095E507C25C0B134004736CD /* Info.plist */,
			);
			path = BearImageViewTests;
			sourceTree = "<group>";
		};
		095E508425C0B134004736CD /* BearImageViewUITests */ = {
			isa = PBXGroup;
			children = (
				095E508525C0B134004736CD /* BearImageViewUITests.swift */,
				095E508725C0B134004736CD /* Info.plist */,
			);
			path = BearImageViewUITests;
			sourceTree = "<group>";
		};
/* End PBXGroup section */

/* Begin PBXNativeTarget section */
		095E505F25C0B12F004736CD /* BearImageView */ = {
			isa = PBXNativeTarget;
			buildConfigurationList = 095E508A25C0B134004736CD /* Build configuration list for PBXNativeTarget "BearImageView" */;
			buildPhases = (
				095E505C25C0B12F004736CD /* Sources */,
				095E505D25C0B12F004736CD /* Frameworks */,
				095E505E25C0B12F004736CD /* Resources */,
			);
			buildRules = (
			);
			dependencies = (
			);
			name = BearImageView;
			productName = BearImageView;
			productReference = 095E506025C0B12F004736CD /* BearImageView.app */;
			productType = "com.apple.product-type.application";
		};
		095E507525C0B134004736CD /* BearImageViewTests */ = {
			isa = PBXNativeTarget;
			buildConfigurationList = 095E508D25C0B134004736CD /* Build configuration list for PBXNativeTarget "BearImageViewTests" */;
			buildPhases = (
				095E507225C0B134004736CD /* Sources */,
				095E507325C0B134004736CD /* Frameworks */,
				095E507425C0B134004736CD /* Resources */,
			);
			buildRules = (
			);
			dependencies = (
				095E507825C0B134004736CD /* PBXTargetDependency */,
			);
			name = BearImageViewTests;
			productName = BearImageViewTests;
			productReference = 095E507625C0B134004736CD /* BearImageViewTests.xctest */;
			productType = "com.apple.product-type.bundle.unit-test";
		};
		095E508025C0B134004736CD /* BearImageViewUITests */ = {
			isa = PBXNativeTarget;
			buildConfigurationList = 095E509025C0B134004736CD /* Build configuration list for PBXNativeTarget "BearImageViewUITests" */;
			buildPhases = (
				095E507D25C0B134004736CD /* Sources */,
				095E507E25C0B134004736CD /* Frameworks */,
				095E507F25C0B134004736CD /* Resources */,
			);
			buildRules = (
			);
			dependencies = (
				095E508325C0B134004736CD /* PBXTargetDependency */,
			);
			name = BearImageViewUITests;
			productName = BearImageViewUITests;
			productReference = 095E508125C0B134004736CD /* BearImageViewUITests.xctest */;
			productType = "com.apple.product-type.bundle.ui-testing";
		};
/* End PBXNativeTarget section */

/* Begin PBXProject section */
		095E505825C0B12F004736CD /* Project object */ = {
			isa = PBXProject;
			attributes = {
				LastSwiftUpdateCheck = 1230;
				LastUpgradeCheck = 1230;
				TargetAttributes = {
					095E505F25C0B12F004736CD = {
						CreatedOnToolsVersion = 12.3;
					};
					095E507525C0B134004736CD = {
						CreatedOnToolsVersion = 12.3;
						TestTargetID = 095E505F25C0B12F004736CD;
					};
					095E508025C0B134004736CD = {
						CreatedOnToolsVersion = 12.3;
						TestTargetID = 095E505F25C0B12F004736CD;
					};
				};
			};
			buildConfigurationList = 095E505B25C0B12F004736CD /* Build configuration list for PBXProject "BearImageView" */;
			compatibilityVersion = "Xcode 9.3";
			developmentRegion = en;
			hasScannedForEncodings = 0;
			knownRegions = (
				en,
				Base,
			);
			mainGroup = 095E505725C0B12F004736CD;
			productRefGroup = 095E506125C0B12F004736CD /* Products */;
			projectDirPath = "";
			projectRoot = "";
			targets = (
				095E505F25C0B12F004736CD /* BearImageView */,
				095E507525C0B134004736CD /* BearImageViewTests */,
				095E508025C0B134004736CD /* BearImageViewUITests */,
			);
		};
/* End PBXProject section */

/* Begin PBXResourcesBuildPhase section */
		095E505E25C0B12F004736CD /* Resources */ = {
			isa = PBXResourcesBuildPhase;
			buildActionMask = 2147483647;
			files = (
				095E507025C0B133004736CD /* LaunchScreen.storyboard in Resources */,
				095E506D25C0B133004736CD /* Assets.xcassets in Resources */,
				095E506B25C0B12F004736CD /* Main.storyboard in Resources */,
			);
			runOnlyForDeploymentPostprocessing = 0;
		};
		095E507425C0B134004736CD /* Resources */ = {
			isa = PBXResourcesBuildPhase;
			buildActionMask = 2147483647;
			files = (
			);
			runOnlyForDeploymentPostprocessing = 0;
		};
		095E507F25C0B134004736CD /* Resources */ = {
			isa = PBXResourcesBuildPhase;
			buildActionMask = 2147483647;
			files = (
			);
			runOnlyForDeploymentPostprocessing = 0;
		};
/* End PBXResourcesBuildPhase section */

/* Begin PBXSourcesBuildPhase section */
		095E505C25C0B12F004736CD /* Sources */ = {
			isa = PBXSourcesBuildPhase;
			buildActionMask = 2147483647;
			files = (
				09A2ACD225C31E2D001C3623 /* CollectionViewController.swift in Sources */,
				09A2ACD725C326A6001C3623 /* PageCell.swift in Sources */,
				09A2ACDC25C331D4001C3623 /* Page.swift in Sources */,
				095E506825C0B12F004736CD /* ViewController.swift in Sources */,
				095E506425C0B12F004736CD /* AppDelegate.swift in Sources */,
				095E506625C0B12F004736CD /* SceneDelegate.swift in Sources */,
			);
			runOnlyForDeploymentPostprocessing = 0;
		};
		095E507225C0B134004736CD /* Sources */ = {
			isa = PBXSourcesBuildPhase;
			buildActionMask = 2147483647;
			files = (
				095E507B25C0B134004736CD /* BearImageViewTests.swift in Sources */,
			);
			runOnlyForDeploymentPostprocessing = 0;
		};
		095E507D25C0B134004736CD /* Sources */ = {
			isa = PBXSourcesBuildPhase;
			buildActionMask = 2147483647;
			files = (
				095E508625C0B134004736CD /* BearImageViewUITests.swift in Sources */,
			);
			runOnlyForDeploymentPostprocessing = 0;
		};
/* End PBXSourcesBuildPhase section */

/* Begin PBXTargetDependency section */
		095E507825C0B134004736CD /* PBXTargetDependency */ = {
			isa = PBXTargetDependency;
			target = 095E505F25C0B12F004736CD /* BearImageView */;
			targetProxy = 095E507725C0B134004736CD /* PBXContainerItemProxy */;
		};
		095E508325C0B134004736CD /* PBXTargetDependency */ = {
			isa = PBXTargetDependency;
			target = 095E505F25C0B12F004736CD /* BearImageView */;
			targetProxy = 095E508225C0B134004736CD /* PBXContainerItemProxy */;
		};
/* End PBXTargetDependency section */

/* Begin PBXVariantGroup section */
		095E506925C0B12F004736CD /* Main.storyboard */ = {
			isa = PBXVariantGroup;
			children = (
				095E506A25C0B12F004736CD /* Base */,
			);
			name = Main.storyboard;
			sourceTree = "<group>";
		};
		095E506E25C0B133004736CD /* LaunchScreen.storyboard */ = {
			isa = PBXVariantGroup;
			children = (
				095E506F25C0B133004736CD /* Base */,
			);
			name = LaunchScreen.storyboard;
			sourceTree = "<group>";
		};
/* End PBXVariantGroup section */

/* Begin XCBuildConfiguration section */
		095E508825C0B134004736CD /* Debug */ = {
			isa = XCBuildConfiguration;
			buildSettings = {
				ALWAYS_SEARCH_USER_PATHS = NO;
				CLANG_ANALYZER_NONNULL = YES;
				CLANG_ANALYZER_NUMBER_OBJECT_CONVERSION = YES_AGGRESSIVE;
				CLANG_CXX_LANGUAGE_STANDARD = "gnu++14";
				CLANG_CXX_LIBRARY = "libc++";
				CLANG_ENABLE_MODULES = YES;
				CLANG_ENABLE_OBJC_ARC = YES;
				CLANG_ENABLE_OBJC_WEAK = YES;
				CLANG_WARN_BLOCK_CAPTURE_AUTORELEASING = YES;
				CLANG_WARN_BOOL_CONVERSION = YES;
				CLANG_WARN_COMMA = YES;
				CLANG_WARN_CONSTANT_CONVERSION = YES;
				CLANG_WARN_DEPRECATED_OBJC_IMPLEMENTATIONS = YES;
				CLANG_WARN_DIRECT_OBJC_ISA_USAGE = YES_ERROR;
				CLANG_WARN_DOCUMENTATION_COMMENTS = YES;
				CLANG_WARN_EMPTY_BODY = YES;
				CLANG_WARN_ENUM_CONVERSION = YES;
				CLANG_WARN_INFINITE_RECURSION = YES;
				CLANG_WARN_INT_CONVERSION = YES;
				CLANG_WARN_NON_LITERAL_NULL_CONVERSION = YES;
				CLANG_WARN_OBJC_IMPLICIT_RETAIN_SELF = YES;
				CLANG_WARN_OBJC_LITERAL_CONVERSION = YES;
				CLANG_WARN_OBJC_ROOT_CLASS = YES_ERROR;
				CLANG_WARN_QUOTED_INCLUDE_IN_FRAMEWORK_HEADER = YES;
				CLANG_WARN_RANGE_LOOP_ANALYSIS = YES;
				CLANG_WARN_STRICT_PROTOTYPES = YES;
				CLANG_WARN_SUSPICIOUS_MOVE = YES;
				CLANG_WARN_UNGUARDED_AVAILABILITY = YES_AGGRESSIVE;
				CLANG_WARN_UNREACHABLE_CODE = YES;
				CLANG_WARN__DUPLICATE_METHOD_MATCH = YES;
				COPY_PHASE_STRIP = NO;
				DEBUG_INFORMATION_FORMAT = dwarf;
				ENABLE_STRICT_OBJC_MSGSEND = YES;
				ENABLE_TESTABILITY = YES;
				GCC_C_LANGUAGE_STANDARD = gnu11;
				GCC_DYNAMIC_NO_PIC = NO;
				GCC_NO_COMMON_BLOCKS = YES;
				GCC_OPTIMIZATION_LEVEL = 0;
				GCC_PREPROCESSOR_DEFINITIONS = (
					"DEBUG=1",
					"$(inherited)",
				);
				GCC_WARN_64_TO_32_BIT_CONVERSION = YES;
				GCC_WARN_ABOUT_RETURN_TYPE = YES_ERROR;
				GCC_WARN_UNDECLARED_SELECTOR = YES;
				GCC_WARN_UNINITIALIZED_AUTOS = YES_AGGRESSIVE;
				GCC_WARN_UNUSED_FUNCTION = YES;
				GCC_WARN_UNUSED_VARIABLE = YES;
				IPHONEOS_DEPLOYMENT_TARGET = 14.3;
				MTL_ENABLE_DEBUG_INFO = INCLUDE_SOURCE;
				MTL_FAST_MATH = YES;
				ONLY_ACTIVE_ARCH = YES;
				SDKROOT = iphoneos;
				SWIFT_ACTIVE_COMPILATION_CONDITIONS = DEBUG;
				SWIFT_OPTIMIZATION_LEVEL = "-Onone";
			};
			name = Debug;
		};
		095E508925C0B134004736CD /* Release */ = {
			isa = XCBuildConfiguration;
			buildSettings = {
				ALWAYS_SEARCH_USER_PATHS = NO;
				CLANG_ANALYZER_NONNULL = YES;
				CLANG_ANALYZER_NUMBER_OBJECT_CONVERSION = YES_AGGRESSIVE;
				CLANG_CXX_LANGUAGE_STANDARD = "gnu++14";
				CLANG_CXX_LIBRARY = "libc++";
				CLANG_ENABLE_MODULES = YES;
				CLANG_ENABLE_OBJC_ARC = YES;
				CLANG_ENABLE_OBJC_WEAK = YES;
				CLANG_WARN_BLOCK_CAPTURE_AUTORELEASING = YES;
				CLANG_WARN_BOOL_CONVERSION = YES;
				CLANG_WARN_COMMA = YES;
				CLANG_WARN_CONSTANT_CONVERSION = YES;
				CLANG_WARN_DEPRECATED_OBJC_IMPLEMENTATIONS = YES;
				CLANG_WARN_DIRECT_OBJC_ISA_USAGE = YES_ERROR;
				CLANG_WARN_DOCUMENTATION_COMMENTS = YES;
				CLANG_WARN_EMPTY_BODY = YES;
				CLANG_WARN_ENUM_CONVERSION = YES;
				CLANG_WARN_INFINITE_RECURSION = YES;
				CLANG_WARN_INT_CONVERSION = YES;
				CLANG_WARN_NON_LITERAL_NULL_CONVERSION = YES;
				CLANG_WARN_OBJC_IMPLICIT_RETAIN_SELF = YES;
				CLANG_WARN_OBJC_LITERAL_CONVERSION = YES;
				CLANG_WARN_OBJC_ROOT_CLASS = YES_ERROR;
				CLANG_WARN_QUOTED_INCLUDE_IN_FRAMEWORK_HEADER = YES;
				CLANG_WARN_RANGE_LOOP_ANALYSIS = YES;
				CLANG_WARN_STRICT_PROTOTYPES = YES;
				CLANG_WARN_SUSPICIOUS_MOVE = YES;
				CLANG_WARN_UNGUARDED_AVAILABILITY = YES_AGGRESSIVE;
				CLANG_WARN_UNREACHABLE_CODE = YES;
				CLANG_WARN__DUPLICATE_METHOD_MATCH = YES;
				COPY_PHASE_STRIP = NO;
				DEBUG_INFORMATION_FORMAT = "dwarf-with-dsym";
				ENABLE_NS_ASSERTIONS = NO;
				ENABLE_STRICT_OBJC_MSGSEND = YES;
				GCC_C_LANGUAGE_STANDARD = gnu11;
				GCC_NO_COMMON_BLOCKS = YES;
				GCC_WARN_64_TO_32_BIT_CONVERSION = YES;
				GCC_WARN_ABOUT_RETURN_TYPE = YES_ERROR;
				GCC_WARN_UNDECLARED_SELECTOR = YES;
				GCC_WARN_UNINITIALIZED_AUTOS = YES_AGGRESSIVE;
				GCC_WARN_UNUSED_FUNCTION = YES;
				GCC_WARN_UNUSED_VARIABLE = YES;
				IPHONEOS_DEPLOYMENT_TARGET = 14.3;
				MTL_ENABLE_DEBUG_INFO = NO;
				MTL_FAST_MATH = YES;
				SDKROOT = iphoneos;
				SWIFT_COMPILATION_MODE = wholemodule;
				SWIFT_OPTIMIZATION_LEVEL = "-O";
				VALIDATE_PRODUCT = YES;
			};
			name = Release;
		};
		095E508B25C0B134004736CD /* Debug */ = {
			isa = XCBuildConfiguration;
			buildSettings = {
				ASSETCATALOG_COMPILER_APPICON_NAME = AppIcon;
				ASSETCATALOG_COMPILER_GLOBAL_ACCENT_COLOR_NAME = AccentColor;
				CODE_SIGN_STYLE = Automatic;
				DEVELOPMENT_TEAM = M4SYWM5RST;
				INFOPLIST_FILE = BearImageView/Info.plist;
				LD_RUNPATH_SEARCH_PATHS = (
					"$(inherited)",
					"@executable_path/Frameworks",
				);
				PRODUCT_BUNDLE_IDENTIFIER = "ArticRomantics-prod..BearImageView";
				PRODUCT_NAME = "$(TARGET_NAME)";
				SWIFT_VERSION = 5.0;
				TARGETED_DEVICE_FAMILY = "1,2";
			};
			name = Debug;
		};
		095E508C25C0B134004736CD /* Release */ = {
			isa = XCBuildConfiguration;
			buildSettings = {
				ASSETCATALOG_COMPILER_APPICON_NAME = AppIcon;
				ASSETCATALOG_COMPILER_GLOBAL_ACCENT_COLOR_NAME = AccentColor;
				CODE_SIGN_STYLE = Automatic;
				DEVELOPMENT_TEAM = M4SYWM5RST;
				INFOPLIST_FILE = BearImageView/Info.plist;
				LD_RUNPATH_SEARCH_PATHS = (
					"$(inherited)",
					"@executable_path/Frameworks",
				);
				PRODUCT_BUNDLE_IDENTIFIER = "ArticRomantics-prod..BearImageView";
				PRODUCT_NAME = "$(TARGET_NAME)";
				SWIFT_VERSION = 5.0;
				TARGETED_DEVICE_FAMILY = "1,2";
			};
			name = Release;
		};
		095E508E25C0B134004736CD /* Debug */ = {
			isa = XCBuildConfiguration;
			buildSettings = {
				ALWAYS_EMBED_SWIFT_STANDARD_LIBRARIES = YES;
				BUNDLE_LOADER = "$(TEST_HOST)";
				CODE_SIGN_STYLE = Automatic;
				DEVELOPMENT_TEAM = M4SYWM5RST;
				INFOPLIST_FILE = BearImageViewTests/Info.plist;
				IPHONEOS_DEPLOYMENT_TARGET = 14.3;
				LD_RUNPATH_SEARCH_PATHS = (
					"$(inherited)",
					"@executable_path/Frameworks",
					"@loader_path/Frameworks",
				);
				PRODUCT_BUNDLE_IDENTIFIER = "ArticRomantics-prod..BearImageViewTests";
				PRODUCT_NAME = "$(TARGET_NAME)";
				SWIFT_VERSION = 5.0;
				TARGETED_DEVICE_FAMILY = "1,2";
				TEST_HOST = "$(BUILT_PRODUCTS_DIR)/BearImageView.app/BearImageView";
			};
			name = Debug;
		};
		095E508F25C0B134004736CD /* Release */ = {
			isa = XCBuildConfiguration;
			buildSettings = {
				ALWAYS_EMBED_SWIFT_STANDARD_LIBRARIES = YES;
				BUNDLE_LOADER = "$(TEST_HOST)";
				CODE_SIGN_STYLE = Automatic;
				DEVELOPMENT_TEAM = M4SYWM5RST;
				INFOPLIST_FILE = BearImageViewTests/Info.plist;
				IPHONEOS_DEPLOYMENT_TARGET = 14.3;
				LD_RUNPATH_SEARCH_PATHS = (
					"$(inherited)",
					"@executable_path/Frameworks",
					"@loader_path/Frameworks",
				);
				PRODUCT_BUNDLE_IDENTIFIER = "ArticRomantics-prod..BearImageViewTests";
				PRODUCT_NAME = "$(TARGET_NAME)";
				SWIFT_VERSION = 5.0;
				TARGETED_DEVICE_FAMILY = "1,2";
				TEST_HOST = "$(BUILT_PRODUCTS_DIR)/BearImageView.app/BearImageView";
			};
			name = Release;
		};
		095E509125C0B134004736CD /* Debug */ = {
			isa = XCBuildConfiguration;
			buildSettings = {
				ALWAYS_EMBED_SWIFT_STANDARD_LIBRARIES = YES;
				CODE_SIGN_STYLE = Automatic;
				DEVELOPMENT_TEAM = M4SYWM5RST;
				INFOPLIST_FILE = BearImageViewUITests/Info.plist;
				LD_RUNPATH_SEARCH_PATHS = (
					"$(inherited)",
					"@executable_path/Frameworks",
					"@loader_path/Frameworks",
				);
				PRODUCT_BUNDLE_IDENTIFIER = "ArticRomantics-prod..BearImageViewUITests";
				PRODUCT_NAME = "$(TARGET_NAME)";
				SWIFT_VERSION = 5.0;
				TARGETED_DEVICE_FAMILY = "1,2";
				TEST_TARGET_NAME = BearImageView;
			};
			name = Debug;
		};
		095E509225C0B134004736CD /* Release */ = {
			isa = XCBuildConfiguration;
			buildSettings = {
				ALWAYS_EMBED_SWIFT_STANDARD_LIBRARIES = YES;
				CODE_SIGN_STYLE = Automatic;
				DEVELOPMENT_TEAM = M4SYWM5RST;
				INFOPLIST_FILE = BearImageViewUITests/Info.plist;
				LD_RUNPATH_SEARCH_PATHS = (
					"$(inherited)",
					"@executable_path/Frameworks",
					"@loader_path/Frameworks",
				);
				PRODUCT_BUNDLE_IDENTIFIER = "ArticRomantics-prod..BearImageViewUITests";
				PRODUCT_NAME = "$(TARGET_NAME)";
				SWIFT_VERSION = 5.0;
				TARGETED_DEVICE_FAMILY = "1,2";
				TEST_TARGET_NAME = BearImageView;
			};
			name = Release;
		};
/* End XCBuildConfiguration section */

/* Begin XCConfigurationList section */
		095E505B25C0B12F004736CD /* Build configuration list for PBXProject "BearImageView" */ = {
			isa = XCConfigurationList;
			buildConfigurations = (
				095E508825C0B134004736CD /* Debug */,
				095E508925C0B134004736CD /* Release */,
			);
			defaultConfigurationIsVisible = 0;
			defaultConfigurationName = Release;
		};
		095E508A25C0B134004736CD /* Build configuration list for PBXNativeTarget "BearImageView" */ = {
			isa = XCConfigurationList;
			buildConfigurations = (
				095E508B25C0B134004736CD /* Debug */,
				095E508C25C0B134004736CD /* Release */,
			);
			defaultConfigurationIsVisible = 0;
			defaultConfigurationName = Release;
		};
		095E508D25C0B134004736CD /* Build configuration list for PBXNativeTarget "BearImageViewTests" */ = {
			isa = XCConfigurationList;
			buildConfigurations = (
				095E508E25C0B134004736CD /* Debug */,
				095E508F25C0B134004736CD /* Release */,
			);
			defaultConfigurationIsVisible = 0;
			defaultConfigurationName = Release;
		};
		095E509025C0B134004736CD /* Build configuration list for PBXNativeTarget "BearImageViewUITests" */ = {
			isa = XCConfigurationList;
			buildConfigurations = (
				095E509125C0B134004736CD /* Debug */,
				095E509225C0B134004736CD /* Release */,
			);
			defaultConfigurationIsVisible = 0;
			defaultConfigurationName = Release;
		};
/* End XCConfigurationList section */
	};
	rootObject = 095E505825C0B12F004736CD /* Project object */;
}
